
Microsoft Visual Studio Solution File, Format Version 12.00
# Visual Studio Version 17
VisualStudioVersion = 17.1.32228.430
MinimumVisualStudioVersion = 10.0.40219.1
Project("{FAE04EC0-301F-11D3-BF4B-00C04F79EFBC}") = "LINQ_Tutorials", "LINQ_Tutorials\LINQ_Tutorials.csproj", "{5C0F7222-D709-4756-87F6-6C0E08D52B7E}"
EndProject
Project("{FAE04EC0-301F-11D3-BF4B-00C04F79EFBC}") = "Second_LINQ_Tuotorial", "Second_LINQ_Tuotorial\Second_LINQ_Tuotorial.csproj", "{C8309035-183E-4B2E-AC24-3764FB2F2D1A}"
EndProject
Project("{FAE04EC0-301F-11D3-BF4B-00C04F79EFBC}") = "Anonymous_Types_Tutorial", "Anonymous_Types_Tutorial\Anonymous_Types_Tutorial.csproj", "{B850F833-E329-4BF9-874B-A29CB1EEC443}"
EndProject
Project("{FAE04EC0-301F-11D3-BF4B-00C04F79EFBC}") = "Object_Initializer_and_Collection_Initializer_Tutorial", "Object_Initializer_and_Collection_Initializer_Tutorial\Object_Initializer_and_Collection_Initializer_Tutorial.csproj", "{2EB30D22-9624-49E8-844B-54EB3C4B3A5A}"
EndProject
Global
	GlobalSection(SolutionConfigurationPlatforms) = preSolution
		Debug|Any CPU = Debug|Any CPU
		Release|Any CPU = Release|Any CPU
	EndGlobalSection
	GlobalSection(ProjectConfigurationPlatforms) = postSolution
		{5C0F7222-D709-4756-87F6-6C0E08D52B7E}.Debug|Any CPU.ActiveCfg = Debug|Any CPU
		{5C0F7222-D709-4756-87F6-6C0E08D52B7E}.Debug|Any CPU.Build.0 = Debug|Any CPU
		{5C0F7222-D709-4756-87F6-6C0E08D52B7E}.Release|Any CPU.ActiveCfg = Release|Any CPU
		{5C0F7222-D709-4756-87F6-6C0E08D52B7E}.Release|Any CPU.Build.0 = Release|Any CPU
		{C8309035-183E-4B2E-AC24-3764FB2F2D1A}.Debug|Any CPU.ActiveCfg = Debug|Any CPU
		{C8309035-183E-4B2E-AC24-3764FB2F2D1A}.Debug|Any CPU.Build.0 = Debug|Any CPU
		{C8309035-183E-4B2E-AC24-3764FB2F2D1A}.Release|Any CPU.ActiveCfg = Release|Any CPU
		{C8309035-183E-4B2E-AC24-3764FB2F2D1A}.Release|Any CPU.Build.0 = Release|Any CPU
		{B850F833-E329-4BF9-874B-A29CB1EEC443}.Debug|Any CPU.ActiveCfg = Debug|Any CPU
		{B850F833-E329-4BF9-874B-A29CB1EEC443}.Debug|Any CPU.Build.0 = Debug|Any CPU
		{B850F833-E329-4BF9-874B-A29CB1EEC443}.Release|Any CPU.ActiveCfg = Release|Any CPU
		{B850F833-E329-4BF9-874B-A29CB1EEC443}.Release|Any CPU.Build.0 = Release|Any CPU
		{2EB30D22-9624-49E8-844B-54EB3C4B3A5A}.Debug|Any CPU.ActiveCfg = Debug|Any CPU
		{2EB30D22-9624-49E8-844B-54EB3C4B3A5A}.Debug|Any CPU.Build.0 = Debug|Any CPU
		{2EB30D22-9624-49E8-844B-54EB3C4B3A5A}.Release|Any CPU.ActiveCfg = Release|Any CPU
		{2EB30D22-9624-49E8-844B-54EB3C4B3A5A}.Release|Any CPU.Build.0 = Release|Any CPU
	EndGlobalSection
	GlobalSection(SolutionProperties) = preSolution
		HideSolutionNode = FALSE
	EndGlobalSection
	GlobalSection(ExtensibilityGlobals) = postSolution
		SolutionGuid = {F29FC9D7-8C42-4FD3-88DE-5152D911C573}
	EndGlobalSection
EndGlobal
